
Microsoft Visual Studio Solution File, Format Version 12.00
# Visual Studio Version 17
VisualStudioVersion = 17.0.31903.59
MinimumVisualStudioVersion = 10.0.40219.1
Project("{FAE04EC0-301F-11D3-BF4B-00C04F79EFBC}") = "ModelingEvolution.Mjpeg", "src\ModelingEvolution.Mjpeg\ModelingEvolution.Mjpeg.csproj", "{A1B2C3D4-E5F6-7890-ABCD-EF1234567890}"
EndProject
Project("{FAE04EC0-301F-11D3-BF4B-00C04F79EFBC}") = "ModelingEvolution.Mjpeg.Tests", "src\ModelingEvolution.Mjpeg.Tests\ModelingEvolution.Mjpeg.Tests.csproj", "{B2C3D4E5-F6A7-8901-BCDE-F12345678901}"
EndProject
Project("{2150E333-8FDC-42A3-9474-1A3956D46DE8}") = "src", "src", "{827E0CD3-B72D-47B6-A68D-7590B98EB39B}"
EndProject
Project("{FAE04EC0-301F-11D3-BF4B-00C04F79EFBC}") = "ModelingEvolution.Mjpeg.Cli", "src\ModelingEvolution.Mjpeg.Cli\ModelingEvolution.Mjpeg.Cli.csproj", "{58536A39-A909-4045-BE75-B214A1D39B5B}"
EndProject
Project("{FAE04EC0-301F-11D3-BF4B-00C04F79EFBC}") = "ModelingEvolution.Mjpeg.Wasm", "src\ModelingEvolution.Mjpeg.Wasm\ModelingEvolution.Mjpeg.Wasm.csproj", "{34766A96-B823-4535-8E57-3E077AF26FC7}"
EndProject
Project("{FAE04EC0-301F-11D3-BF4B-00C04F79EFBC}") = "ModelingEvolution.Mjpeg.Wasm.TestApp", "src\ModelingEvolution.Mjpeg.Wasm.TestApp\ModelingEvolution.Mjpeg.Wasm.TestApp.csproj", "{5E0637F6-475A-4EDF-910D-FE7034672104}"
EndProject
Project("{FAE04EC0-301F-11D3-BF4B-00C04F79EFBC}") = "ModelingEvolution.Mjpeg.Wasm.Tests", "src\ModelingEvolution.Mjpeg.Wasm.Tests\ModelingEvolution.Mjpeg.Wasm.Tests.csproj", "{C70848C0-74CB-419E-AEFE-17F74FDF8A0D}"
EndProject
Project("{FAE04EC0-301F-11D3-BF4B-00C04F79EFBC}") = "ModelingEvolution.Mjpeg.Wasm.TestApp.Server", "src\ModelingEvolution.Mjpeg.Wasm.TestApp.Server\ModelingEvolution.Mjpeg.Wasm.TestApp.Server.csproj", "{C8049AE4-F86D-45FE-80FE-2D4105DAF32A}"
EndProject
Project("{FAE04EC0-301F-11D3-BF4B-00C04F79EFBC}") = "Demo.Server", "src\Demo.Server\Demo.Server.csproj", "{C191645B-9F87-4B71-BA27-438DD924370A}"
EndProject
Project("{FAE04EC0-301F-11D3-BF4B-00C04F79EFBC}") = "Demo.Client", "src\Demo.Client\Demo.Client.csproj", "{2AFDF5BF-CB7D-4367-9228-8FAA9EC6F475}"
EndProject
Project("{FAE04EC0-301F-11D3-BF4B-00C04F79EFBC}") = "Demo.Player", "src\Demo.Player\Demo.Player.csproj", "{621FC176-FBB7-4016-AEC5-F06FC2F73C4E}"
EndProject
Project("{FAE04EC0-301F-11D3-BF4B-00C04F79EFBC}") = "SkiaSharp.Views.Blazor.Patched", "..\blazor-blaze\extern\SkiaSharp.Views.Blazor.Patched\SkiaSharp.Views.Blazor.Patched.csproj", "{FC2F8625-41FB-464B-A64A-0B054C9C94F8}"
EndProject
Global
	GlobalSection(SolutionConfigurationPlatforms) = preSolution
		Debug|Any CPU = Debug|Any CPU
		Debug|x64 = Debug|x64
		Debug|x86 = Debug|x86
		Release|Any CPU = Release|Any CPU
		Release|x64 = Release|x64
		Release|x86 = Release|x86
	EndGlobalSection
	GlobalSection(ProjectConfigurationPlatforms) = postSolution
		{A1B2C3D4-E5F6-7890-ABCD-EF1234567890}.Debug|Any CPU.ActiveCfg = Debug|Any CPU
		{A1B2C3D4-E5F6-7890-ABCD-EF1234567890}.Debug|Any CPU.Build.0 = Debug|Any CPU
		{A1B2C3D4-E5F6-7890-ABCD-EF1234567890}.Debug|x64.ActiveCfg = Debug|Any CPU
		{A1B2C3D4-E5F6-7890-ABCD-EF1234567890}.Debug|x64.Build.0 = Debug|Any CPU
		{A1B2C3D4-E5F6-7890-ABCD-EF1234567890}.Debug|x86.ActiveCfg = Debug|Any CPU
		{A1B2C3D4-E5F6-7890-ABCD-EF1234567890}.Debug|x86.Build.0 = Debug|Any CPU
		{A1B2C3D4-E5F6-7890-ABCD-EF1234567890}.Release|Any CPU.ActiveCfg = Release|Any CPU
		{A1B2C3D4-E5F6-7890-ABCD-EF1234567890}.Release|Any CPU.Build.0 = Release|Any CPU
		{A1B2C3D4-E5F6-7890-ABCD-EF1234567890}.Release|x64.ActiveCfg = Release|Any CPU
		{A1B2C3D4-E5F6-7890-ABCD-EF1234567890}.Release|x64.Build.0 = Release|Any CPU
		{A1B2C3D4-E5F6-7890-ABCD-EF1234567890}.Release|x86.ActiveCfg = Release|Any CPU
		{A1B2C3D4-E5F6-7890-ABCD-EF1234567890}.Release|x86.Build.0 = Release|Any CPU
		{B2C3D4E5-F6A7-8901-BCDE-F12345678901}.Debug|Any CPU.ActiveCfg = Debug|Any CPU
		{B2C3D4E5-F6A7-8901-BCDE-F12345678901}.Debug|Any CPU.Build.0 = Debug|Any CPU
		{B2C3D4E5-F6A7-8901-BCDE-F12345678901}.Debug|x64.ActiveCfg = Debug|Any CPU
		{B2C3D4E5-F6A7-8901-BCDE-F12345678901}.Debug|x64.Build.0 = Debug|Any CPU
		{B2C3D4E5-F6A7-8901-BCDE-F12345678901}.Debug|x86.ActiveCfg = Debug|Any CPU
		{B2C3D4E5-F6A7-8901-BCDE-F12345678901}.Debug|x86.Build.0 = Debug|Any CPU
		{B2C3D4E5-F6A7-8901-BCDE-F12345678901}.Release|Any CPU.ActiveCfg = Release|Any CPU
		{B2C3D4E5-F6A7-8901-BCDE-F12345678901}.Release|Any CPU.Build.0 = Release|Any CPU
		{B2C3D4E5-F6A7-8901-BCDE-F12345678901}.Release|x64.ActiveCfg = Release|Any CPU
		{B2C3D4E5-F6A7-8901-BCDE-F12345678901}.Release|x64.Build.0 = Release|Any CPU
		{B2C3D4E5-F6A7-8901-BCDE-F12345678901}.Release|x86.ActiveCfg = Release|Any CPU
		{B2C3D4E5-F6A7-8901-BCDE-F12345678901}.Release|x86.Build.0 = Release|Any CPU
		{58536A39-A909-4045-BE75-B214A1D39B5B}.Debug|Any CPU.ActiveCfg = Debug|Any CPU
		{58536A39-A909-4045-BE75-B214A1D39B5B}.Debug|Any CPU.Build.0 = Debug|Any CPU
		{58536A39-A909-4045-BE75-B214A1D39B5B}.Debug|x64.ActiveCfg = Debug|Any CPU
		{58536A39-A909-4045-BE75-B214A1D39B5B}.Debug|x64.Build.0 = Debug|Any CPU
		{58536A39-A909-4045-BE75-B214A1D39B5B}.Debug|x86.ActiveCfg = Debug|Any CPU
		{58536A39-A909-4045-BE75-B214A1D39B5B}.Debug|x86.Build.0 = Debug|Any CPU
		{58536A39-A909-4045-BE75-B214A1D39B5B}.Release|Any CPU.ActiveCfg = Release|Any CPU
		{58536A39-A909-4045-BE75-B214A1D39B5B}.Release|Any CPU.Build.0 = Release|Any CPU
		{58536A39-A909-4045-BE75-B214A1D39B5B}.Release|x64.ActiveCfg = Release|Any CPU
		{58536A39-A909-4045-BE75-B214A1D39B5B}.Release|x64.Build.0 = Release|Any CPU
		{58536A39-A909-4045-BE75-B214A1D39B5B}.Release|x86.ActiveCfg = Release|Any CPU
		{58536A39-A909-4045-BE75-B214A1D39B5B}.Release|x86.Build.0 = Release|Any CPU
		{34766A96-B823-4535-8E57-3E077AF26FC7}.Debug|Any CPU.ActiveCfg = Debug|Any CPU
		{34766A96-B823-4535-8E57-3E077AF26FC7}.Debug|Any CPU.Build.0 = Debug|Any CPU
		{34766A96-B823-4535-8E57-3E077AF26FC7}.Debug|x64.ActiveCfg = Debug|Any CPU
		{34766A96-B823-4535-8E57-3E077AF26FC7}.Debug|x64.Build.0 = Debug|Any CPU
		{34766A96-B823-4535-8E57-3E077AF26FC7}.Debug|x86.ActiveCfg = Debug|Any CPU
		{34766A96-B823-4535-8E57-3E077AF26FC7}.Debug|x86.Build.0 = Debug|Any CPU
		{34766A96-B823-4535-8E57-3E077AF26FC7}.Release|Any CPU.ActiveCfg = Release|Any CPU
		{34766A96-B823-4535-8E57-3E077AF26FC7}.Release|Any CPU.Build.0 = Release|Any CPU
		{34766A96-B823-4535-8E57-3E077AF26FC7}.Release|x64.ActiveCfg = Release|Any CPU
		{34766A96-B823-4535-8E57-3E077AF26FC7}.Release|x64.Build.0 = Release|Any CPU
		{34766A96-B823-4535-8E57-3E077AF26FC7}.Release|x86.ActiveCfg = Release|Any CPU
		{34766A96-B823-4535-8E57-3E077AF26FC7}.Release|x86.Build.0 = Release|Any CPU
		{5E0637F6-475A-4EDF-910D-FE7034672104}.Debug|Any CPU.ActiveCfg = Debug|Any CPU
		{5E0637F6-475A-4EDF-910D-FE7034672104}.Debug|Any CPU.Build.0 = Debug|Any CPU
		{5E0637F6-475A-4EDF-910D-FE7034672104}.Debug|x64.ActiveCfg = Debug|Any CPU
		{5E0637F6-475A-4EDF-910D-FE7034672104}.Debug|x64.Build.0 = Debug|Any CPU
		{5E0637F6-475A-4EDF-910D-FE7034672104}.Debug|x86.ActiveCfg = Debug|Any CPU
		{5E0637F6-475A-4EDF-910D-FE7034672104}.Debug|x86.Build.0 = Debug|Any CPU
		{5E0637F6-475A-4EDF-910D-FE7034672104}.Release|Any CPU.ActiveCfg = Release|Any CPU
		{5E0637F6-475A-4EDF-910D-FE7034672104}.Release|Any CPU.Build.0 = Release|Any CPU
		{5E0637F6-475A-4EDF-910D-FE7034672104}.Release|x64.ActiveCfg = Release|Any CPU
		{5E0637F6-475A-4EDF-910D-FE7034672104}.Release|x64.Build.0 = Release|Any CPU
		{5E0637F6-475A-4EDF-910D-FE7034672104}.Release|x86.ActiveCfg = Release|Any CPU
		{5E0637F6-475A-4EDF-910D-FE7034672104}.Release|x86.Build.0 = Release|Any CPU
		{C70848C0-74CB-419E-AEFE-17F74FDF8A0D}.Debug|Any CPU.ActiveCfg = Debug|Any CPU
		{C70848C0-74CB-419E-AEFE-17F74FDF8A0D}.Debug|Any CPU.Build.0 = Debug|Any CPU
		{C70848C0-74CB-419E-AEFE-17F74FDF8A0D}.Debug|x64.ActiveCfg = Debug|Any CPU
		{C70848C0-74CB-419E-AEFE-17F74FDF8A0D}.Debug|x64.Build.0 = Debug|Any CPU
		{C70848C0-74CB-419E-AEFE-17F74FDF8A0D}.Debug|x86.ActiveCfg = Debug|Any CPU
		{C70848C0-74CB-419E-AEFE-17F74FDF8A0D}.Debug|x86.Build.0 = Debug|Any CPU
		{C70848C0-74CB-419E-AEFE-17F74FDF8A0D}.Release|Any CPU.ActiveCfg = Release|Any CPU
		{C70848C0-74CB-419E-AEFE-17F74FDF8A0D}.Release|Any CPU.Build.0 = Release|Any CPU
		{C70848C0-74CB-419E-AEFE-17F74FDF8A0D}.Release|x64.ActiveCfg = Release|Any CPU
		{C70848C0-74CB-419E-AEFE-17F74FDF8A0D}.Release|x64.Build.0 = Release|Any CPU
		{C70848C0-74CB-419E-AEFE-17F74FDF8A0D}.Release|x86.ActiveCfg = Release|Any CPU
		{C70848C0-74CB-419E-AEFE-17F74FDF8A0D}.Release|x86.Build.0 = Release|Any CPU
		{C8049AE4-F86D-45FE-80FE-2D4105DAF32A}.Debug|Any CPU.ActiveCfg = Debug|Any CPU
		{C8049AE4-F86D-45FE-80FE-2D4105DAF32A}.Debug|Any CPU.Build.0 = Debug|Any CPU
		{C8049AE4-F86D-45FE-80FE-2D4105DAF32A}.Debug|x64.ActiveCfg = Debug|Any CPU
		{C8049AE4-F86D-45FE-80FE-2D4105DAF32A}.Debug|x64.Build.0 = Debug|Any CPU
		{C8049AE4-F86D-45FE-80FE-2D4105DAF32A}.Debug|x86.ActiveCfg = Debug|Any CPU
		{C8049AE4-F86D-45FE-80FE-2D4105DAF32A}.Debug|x86.Build.0 = Debug|Any CPU
		{C8049AE4-F86D-45FE-80FE-2D4105DAF32A}.Release|Any CPU.ActiveCfg = Release|Any CPU
		{C8049AE4-F86D-45FE-80FE-2D4105DAF32A}.Release|Any CPU.Build.0 = Release|Any CPU
		{C8049AE4-F86D-45FE-80FE-2D4105DAF32A}.Release|x64.ActiveCfg = Release|Any CPU
		{C8049AE4-F86D-45FE-80FE-2D4105DAF32A}.Release|x64.Build.0 = Release|Any CPU
		{C8049AE4-F86D-45FE-80FE-2D4105DAF32A}.Release|x86.ActiveCfg = Release|Any CPU
		{C8049AE4-F86D-45FE-80FE-2D4105DAF32A}.Release|x86.Build.0 = Release|Any CPU
		{C191645B-9F87-4B71-BA27-438DD924370A}.Debug|Any CPU.ActiveCfg = Debug|Any CPU
		{C191645B-9F87-4B71-BA27-438DD924370A}.Debug|Any CPU.Build.0 = Debug|Any CPU
		{C191645B-9F87-4B71-BA27-438DD924370A}.Debug|x64.ActiveCfg = Debug|Any CPU
		{C191645B-9F87-4B71-BA27-438DD924370A}.Debug|x64.Build.0 = Debug|Any CPU
		{C191645B-9F87-4B71-BA27-438DD924370A}.Debug|x86.ActiveCfg = Debug|Any CPU
		{C191645B-9F87-4B71-BA27-438DD924370A}.Debug|x86.Build.0 = Debug|Any CPU
		{C191645B-9F87-4B71-BA27-438DD924370A}.Release|Any CPU.ActiveCfg = Release|Any CPU
		{C191645B-9F87-4B71-BA27-438DD924370A}.Release|Any CPU.Build.0 = Release|Any CPU
		{C191645B-9F87-4B71-BA27-438DD924370A}.Release|x64.ActiveCfg = Release|Any CPU
		{C191645B-9F87-4B71-BA27-438DD924370A}.Release|x64.Build.0 = Release|Any CPU
		{C191645B-9F87-4B71-BA27-438DD924370A}.Release|x86.ActiveCfg = Release|Any CPU
		{C191645B-9F87-4B71-BA27-438DD924370A}.Release|x86.Build.0 = Release|Any CPU
		{2AFDF5BF-CB7D-4367-9228-8FAA9EC6F475}.Debug|Any CPU.ActiveCfg = Debug|Any CPU
		{2AFDF5BF-CB7D-4367-9228-8FAA9EC6F475}.Debug|Any CPU.Build.0 = Debug|Any CPU
		{2AFDF5BF-CB7D-4367-9228-8FAA9EC6F475}.Debug|x64.ActiveCfg = Debug|Any CPU
		{2AFDF5BF-CB7D-4367-9228-8FAA9EC6F475}.Debug|x64.Build.0 = Debug|Any CPU
		{2AFDF5BF-CB7D-4367-9228-8FAA9EC6F475}.Debug|x86.ActiveCfg = Debug|Any CPU
		{2AFDF5BF-CB7D-4367-9228-8FAA9EC6F475}.Debug|x86.Build.0 = Debug|Any CPU
		{2AFDF5BF-CB7D-4367-9228-8FAA9EC6F475}.Release|Any CPU.ActiveCfg = Release|Any CPU
		{2AFDF5BF-CB7D-4367-9228-8FAA9EC6F475}.Release|Any CPU.Build.0 = Release|Any CPU
		{2AFDF5BF-CB7D-4367-9228-8FAA9EC6F475}.Release|x64.ActiveCfg = Release|Any CPU
		{2AFDF5BF-CB7D-4367-9228-8FAA9EC6F475}.Release|x64.Build.0 = Release|Any CPU
		{2AFDF5BF-CB7D-4367-9228-8FAA9EC6F475}.Release|x86.ActiveCfg = Release|Any CPU
		{2AFDF5BF-CB7D-4367-9228-8FAA9EC6F475}.Release|x86.Build.0 = Release|Any CPU
		{621FC176-FBB7-4016-AEC5-F06FC2F73C4E}.Debug|Any CPU.ActiveCfg = Debug|Any CPU
		{621FC176-FBB7-4016-AEC5-F06FC2F73C4E}.Debug|Any CPU.Build.0 = Debug|Any CPU
		{621FC176-FBB7-4016-AEC5-F06FC2F73C4E}.Debug|x64.ActiveCfg = Debug|Any CPU
		{621FC176-FBB7-4016-AEC5-F06FC2F73C4E}.Debug|x64.Build.0 = Debug|Any CPU
		{621FC176-FBB7-4016-AEC5-F06FC2F73C4E}.Debug|x86.ActiveCfg = Debug|Any CPU
		{621FC176-FBB7-4016-AEC5-F06FC2F73C4E}.Debug|x86.Build.0 = Debug|Any CPU
		{621FC176-FBB7-4016-AEC5-F06FC2F73C4E}.Release|Any CPU.ActiveCfg = Release|Any CPU
		{621FC176-FBB7-4016-AEC5-F06FC2F73C4E}.Release|Any CPU.Build.0 = Release|Any CPU
		{621FC176-FBB7-4016-AEC5-F06FC2F73C4E}.Release|x64.ActiveCfg = Release|Any CPU
		{621FC176-FBB7-4016-AEC5-F06FC2F73C4E}.Release|x64.Build.0 = Release|Any CPU
		{621FC176-FBB7-4016-AEC5-F06FC2F73C4E}.Release|x86.ActiveCfg = Release|Any CPU
		{621FC176-FBB7-4016-AEC5-F06FC2F73C4E}.Release|x86.Build.0 = Release|Any CPU
		{FC2F8625-41FB-464B-A64A-0B054C9C94F8}.Debug|Any CPU.ActiveCfg = Debug|Any CPU
		{FC2F8625-41FB-464B-A64A-0B054C9C94F8}.Debug|Any CPU.Build.0 = Debug|Any CPU
		{FC2F8625-41FB-464B-A64A-0B054C9C94F8}.Debug|x64.ActiveCfg = Debug|Any CPU
		{FC2F8625-41FB-464B-A64A-0B054C9C94F8}.Debug|x64.Build.0 = Debug|Any CPU
		{FC2F8625-41FB-464B-A64A-0B054C9C94F8}.Debug|x86.ActiveCfg = Debug|Any CPU
		{FC2F8625-41FB-464B-A64A-0B054C9C94F8}.Debug|x86.Build.0 = Debug|Any CPU
		{FC2F8625-41FB-464B-A64A-0B054C9C94F8}.Release|Any CPU.ActiveCfg = Release|Any CPU
		{FC2F8625-41FB-464B-A64A-0B054C9C94F8}.Release|Any CPU.Build.0 = Release|Any CPU
		{FC2F8625-41FB-464B-A64A-0B054C9C94F8}.Release|x64.ActiveCfg = Release|Any CPU
		{FC2F8625-41FB-464B-A64A-0B054C9C94F8}.Release|x64.Build.0 = Release|Any CPU
		{FC2F8625-41FB-464B-A64A-0B054C9C94F8}.Release|x86.ActiveCfg = Release|Any CPU
		{FC2F8625-41FB-464B-A64A-0B054C9C94F8}.Release|x86.Build.0 = Release|Any CPU
	EndGlobalSection
	GlobalSection(SolutionProperties) = preSolution
		HideSolutionNode = FALSE
	EndGlobalSection
	GlobalSection(NestedProjects) = preSolution
		{58536A39-A909-4045-BE75-B214A1D39B5B} = {827E0CD3-B72D-47B6-A68D-7590B98EB39B}
		{34766A96-B823-4535-8E57-3E077AF26FC7} = {827E0CD3-B72D-47B6-A68D-7590B98EB39B}
		{5E0637F6-475A-4EDF-910D-FE7034672104} = {827E0CD3-B72D-47B6-A68D-7590B98EB39B}
		{C70848C0-74CB-419E-AEFE-17F74FDF8A0D} = {827E0CD3-B72D-47B6-A68D-7590B98EB39B}
		{C8049AE4-F86D-45FE-80FE-2D4105DAF32A} = {827E0CD3-B72D-47B6-A68D-7590B98EB39B}
		{C191645B-9F87-4B71-BA27-438DD924370A} = {827E0CD3-B72D-47B6-A68D-7590B98EB39B}
		{2AFDF5BF-CB7D-4367-9228-8FAA9EC6F475} = {827E0CD3-B72D-47B6-A68D-7590B98EB39B}
		{621FC176-FBB7-4016-AEC5-F06FC2F73C4E} = {827E0CD3-B72D-47B6-A68D-7590B98EB39B}
		{FC2F8625-41FB-464B-A64A-0B054C9C94F8} = {827E0CD3-B72D-47B6-A68D-7590B98EB39B}
	EndGlobalSection
EndGlobal
